
Microsoft Visual Studio Solution File, Format Version 12.00
# Visual Studio Version 17
VisualStudioVersion = 17.10.35013.160
MinimumVisualStudioVersion = 10.0.40219.1
Project("{FAE04EC0-301F-11D3-BF4B-00C04F79EFBC}") = "OOP-03", "OOP-03\OOP-03.csproj", "{2CDA8D6A-4046-48B9-88C5-BE7143FC8BAA}"
EndProject
Global
	GlobalSection(SolutionConfigurationPlatforms) = preSolution
		Debug|Any CPU = Debug|Any CPU
		Release|Any CPU = Release|Any CPU
	EndGlobalSection
	GlobalSection(ProjectConfigurationPlatforms) = postSolution
		{2CDA8D6A-4046-48B9-88C5-BE7143FC8BAA}.Debug|Any CPU.ActiveCfg = Debug|Any CPU
		{2CDA8D6A-4046-48B9-88C5-BE7143FC8BAA}.Debug|Any CPU.Build.0 = Debug|Any CPU
		{2CDA8D6A-4046-48B9-88C5-BE7143FC8BAA}.Release|Any CPU.ActiveCfg = Release|Any CPU
		{2CDA8D6A-4046-48B9-88C5-BE7143FC8BAA}.Release|Any CPU.Build.0 = Release|Any CPU
	EndGlobalSection
	GlobalSection(SolutionProperties) = preSolution
		HideSolutionNode = FALSE
	EndGlobalSection
	GlobalSection(ExtensibilityGlobals) = postSolution
		SolutionGuid = {187A0FBE-47AF-4806-8E3C-40AE8E080AB5}
	EndGlobalSection
EndGlobal
